Microsoft Visual Studio Solution File, Format Version 12.00
# Visual Studio Version 17
VisualStudioVersion = 17.5.2.0
MinimumVisualStudioVersion = 10.0.40219.1
Project("{FAE04EC0-301F-11D3-BF4B-00C04F79EFBC}") = "MiPrimerProyecto", "MiPrimerProyecto\MiPrimerProyecto.csproj", "{23CDB3B9-22D0-1B04-1DE8-CC11E4EC09EA}"
EndProject
Global
	GlobalSection(SolutionConfigurationPlatforms) = preSolution
		Debug|Any CPU = Debug|Any CPU
		Release|Any CPU = Release|Any CPU
	EndGlobalSection
	GlobalSection(ProjectConfigurationPlatforms) = postSolution
		{23CDB3B9-22D0-1B04-1DE8-CC11E4EC09EA}.Debug|Any CPU.ActiveCfg = Debug|Any CPU
		{23CDB3B9-22D0-1B04-1DE8-CC11E4EC09EA}.Debug|Any CPU.Build.0 = Debug|Any CPU
		{23CDB3B9-22D0-1B04-1DE8-CC11E4EC09EA}.Release|Any CPU.ActiveCfg = Release|Any CPU
		{23CDB3B9-22D0-1B04-1DE8-CC11E4EC09EA}.Release|Any CPU.Build.0 = Release|Any CPU
	EndGlobalSection
	GlobalSection(SolutionProperties) = preSolution
		HideSolutionNode = FALSE
	EndGlobalSection
	GlobalSection(ExtensibilityGlobals) = postSolution
		SolutionGuid = {138B041C-6C23-49FF-9B22-C2838B0C50A4}
	EndGlobalSection
EndGlobal
