
Microsoft Visual Studio Solution File, Format Version 12.00
# Visual Studio 15
VisualStudioVersion = 15.0.28010.2050
MinimumVisualStudioVersion = 10.0.40219.1
Project("{FAE04EC0-301F-11D3-BF4B-00C04F79EFBC}") = "EJ14", "EJ14.csproj", "{155A3E9C-CAD5-475E-87A6-BA2310E12E09}"
EndProject
Global
	GlobalSection(SolutionConfigurationPlatforms) = preSolution
		Debug|Any CPU = Debug|Any CPU
		Release|Any CPU = Release|Any CPU
	EndGlobalSection
	GlobalSection(ProjectConfigurationPlatforms) = postSolution
		{155A3E9C-CAD5-475E-87A6-BA2310E12E09}.Debug|Any CPU.ActiveCfg = Debug|Any CPU
		{155A3E9C-CAD5-475E-87A6-BA2310E12E09}.Debug|Any CPU.Build.0 = Debug|Any CPU
		{155A3E9C-CAD5-475E-87A6-BA2310E12E09}.Release|Any CPU.ActiveCfg = Release|Any CPU
		{155A3E9C-CAD5-475E-87A6-BA2310E12E09}.Release|Any CPU.Build.0 = Release|Any CPU
	EndGlobalSection
	GlobalSection(SolutionProperties) = preSolution
		HideSolutionNode = FALSE
	EndGlobalSection
	GlobalSection(ExtensibilityGlobals) = postSolution
		SolutionGuid = {1E2C9701-513B-49CE-9C44-1456D493958F}
	EndGlobalSection
EndGlobal
