Microsoft Visual Studio Solution File, Format Version 12.00
# Visual Studio Version 17
VisualStudioVersion = 17.5.2.0
MinimumVisualStudioVersion = 10.0.40219.1
Project("{FAE04EC0-301F-11D3-BF4B-00C04F79EFBC}") = "Saltador", "Saltador.csproj", "{10D9A79A-B849-6C8F-F51F-2544FAFAA0BA}"
EndProject
Global
	GlobalSection(SolutionConfigurationPlatforms) = preSolution
		Debug|Any CPU = Debug|Any CPU
		Release|Any CPU = Release|Any CPU
	EndGlobalSection
	GlobalSection(ProjectConfigurationPlatforms) = postSolution
		{10D9A79A-B849-6C8F-F51F-2544FAFAA0BA}.Debug|Any CPU.ActiveCfg = Debug|Any CPU
		{10D9A79A-B849-6C8F-F51F-2544FAFAA0BA}.Debug|Any CPU.Build.0 = Debug|Any CPU
		{10D9A79A-B849-6C8F-F51F-2544FAFAA0BA}.Release|Any CPU.ActiveCfg = Release|Any CPU
		{10D9A79A-B849-6C8F-F51F-2544FAFAA0BA}.Release|Any CPU.Build.0 = Release|Any CPU
	EndGlobalSection
	GlobalSection(SolutionProperties) = preSolution
		HideSolutionNode = FALSE
	EndGlobalSection
	GlobalSection(ExtensibilityGlobals) = postSolution
		SolutionGuid = {31C29255-8599-462D-9D51-0E5DE3740547}
	EndGlobalSection
EndGlobal
